
Microsoft Visual Studio Solution File, Format Version 12.00
# Visual Studio 14
VisualStudioVersion = 14.0.25123.0
MinimumVisualStudioVersion = 10.0.40219.1
Project("{FAE04EC0-301F-11D3-BF4B-00C04F79EFBC}") = "TimeRecorder", "TimeRecorder\TimeRecorder.csproj", "{183F8973-F1B2-4011-9432-FADA4BE92BCD}"
EndProject
Global
	GlobalSection(SolutionConfigurationPlatforms) = preSolution
		Debug|Any CPU = Debug|Any CPU
		Release|Any CPU = Release|Any CPU
	EndGlobalSection
	GlobalSection(ProjectConfigurationPlatforms) = postSolution
		{183F8973-F1B2-4011-9432-FADA4BE92BCD}.Debug|Any CPU.ActiveCfg = Debug|Any CPU
		{183F8973-F1B2-4011-9432-FADA4BE92BCD}.Debug|Any CPU.Build.0 = Debug|Any CPU
		{183F8973-F1B2-4011-9432-FADA4BE92BCD}.Release|Any CPU.ActiveCfg = Release|Any CPU
		{183F8973-F1B2-4011-9432-FADA4BE92BCD}.Release|Any CPU.Build.0 = Release|Any CPU
	EndGlobalSection
	GlobalSection(SolutionProperties) = preSolution
		HideSolutionNode = FALSE
	EndGlobalSection
EndGlobal
